
Microsoft Visual Studio Solution File, Format Version 12.00
# Visual Studio 15
VisualStudioVersion = 15.0.27130.2027
MinimumVisualStudioVersion = 10.0.40219.1
Project("{FAE04EC0-301F-11D3-BF4B-00C04F79EFBC}") = "Messages", "Messages\Messages.csproj", "{C6450466-CE51-40AA-895F-7CAFFC5AEC5F}"
EndProject
Project("{FAE04EC0-301F-11D3-BF4B-00C04F79EFBC}") = "EchoService", "EchoService\EchoService.csproj", "{D75036FF-0F43-4726-B1AA-5997DC54FCCB}"
EndProject
Project("{FAE04EC0-301F-11D3-BF4B-00C04F79EFBC}") = "AuthenticationService", "AuthenticationService\AuthenticationService.csproj", "{E7B79FF0-49BF-4F57-A1A1-6A4451557A8C}"
EndProject
Project("{FAE04EC0-301F-11D3-BF4B-00C04F79EFBC}") = "ClientApplicationMVC", "ClientApplicationMVC\ClientApplicationMVC.csproj", "{17BC6970-2827-4B25-9B2D-4D6E8993CF5C}"
EndProject
Project("{FAE04EC0-301F-11D3-BF4B-00C04F79EFBC}") = "CompanyDirectoryService", "CompanyDirectoryService\CompanyDirectoryService.csproj", "{7090B1DD-115B-4D5D-A329-AA7FC0634E15}"
EndProject
Global
	GlobalSection(SolutionConfigurationPlatforms) = preSolution
		Debug|Any CPU = Debug|Any CPU
		Release|Any CPU = Release|Any CPU
	EndGlobalSection
	GlobalSection(ProjectConfigurationPlatforms) = postSolution
		{C6450466-CE51-40AA-895F-7CAFFC5AEC5F}.Debug|Any CPU.ActiveCfg = Debug|Any CPU
		{C6450466-CE51-40AA-895F-7CAFFC5AEC5F}.Debug|Any CPU.Build.0 = Debug|Any CPU
		{C6450466-CE51-40AA-895F-7CAFFC5AEC5F}.Release|Any CPU.ActiveCfg = Release|Any CPU
		{C6450466-CE51-40AA-895F-7CAFFC5AEC5F}.Release|Any CPU.Build.0 = Release|Any CPU
		{D75036FF-0F43-4726-B1AA-5997DC54FCCB}.Debug|Any CPU.ActiveCfg = Debug|Any CPU
		{D75036FF-0F43-4726-B1AA-5997DC54FCCB}.Debug|Any CPU.Build.0 = Debug|Any CPU
		{D75036FF-0F43-4726-B1AA-5997DC54FCCB}.Release|Any CPU.ActiveCfg = Release|Any CPU
		{D75036FF-0F43-4726-B1AA-5997DC54FCCB}.Release|Any CPU.Build.0 = Release|Any CPU
		{E7B79FF0-49BF-4F57-A1A1-6A4451557A8C}.Debug|Any CPU.ActiveCfg = Debug|Any CPU
		{E7B79FF0-49BF-4F57-A1A1-6A4451557A8C}.Debug|Any CPU.Build.0 = Debug|Any CPU
		{E7B79FF0-49BF-4F57-A1A1-6A4451557A8C}.Release|Any CPU.ActiveCfg = Release|Any CPU
		{E7B79FF0-49BF-4F57-A1A1-6A4451557A8C}.Release|Any CPU.Build.0 = Release|Any CPU
		{17BC6970-2827-4B25-9B2D-4D6E8993CF5C}.Debug|Any CPU.ActiveCfg = Debug|Any CPU
		{17BC6970-2827-4B25-9B2D-4D6E8993CF5C}.Debug|Any CPU.Build.0 = Debug|Any CPU
		{17BC6970-2827-4B25-9B2D-4D6E8993CF5C}.Release|Any CPU.ActiveCfg = Release|Any CPU
		{17BC6970-2827-4B25-9B2D-4D6E8993CF5C}.Release|Any CPU.Build.0 = Release|Any CPU
		{7090B1DD-115B-4D5D-A329-AA7FC0634E15}.Debug|Any CPU.ActiveCfg = Debug|Any CPU
		{7090B1DD-115B-4D5D-A329-AA7FC0634E15}.Debug|Any CPU.Build.0 = Debug|Any CPU
		{7090B1DD-115B-4D5D-A329-AA7FC0634E15}.Release|Any CPU.ActiveCfg = Release|Any CPU
		{7090B1DD-115B-4D5D-A329-AA7FC0634E15}.Release|Any CPU.Build.0 = Release|Any CPU
	EndGlobalSection
	GlobalSection(SolutionProperties) = preSolution
		HideSolutionNode = FALSE
	EndGlobalSection
	GlobalSection(ExtensibilityGlobals) = postSolution
		SolutionGuid = {1776F6CB-3F7E-48F8-9B96-171235D07491}
	EndGlobalSection
EndGlobal
